// !$*UTF8*$!
{
	archiveVersion = 1;
	classes = {
	};
	objectVersion = 50;
	objects = {

/* Begin PBXBuildFile section */
		57F1FE042091F3D80084C3D0 /* AppDelegate.swift in Sources */ = {isa = PBXBuildFile; fileRef = 57F1FE032091F3D80084C3D0 /* AppDelegate.swift */; };
		57F1FE062091F3D80084C3D0 /* ViewController.swift in Sources */ = {isa = PBXBuildFile; fileRef = 57F1FE052091F3D80084C3D0 /* ViewController.swift */; };
		57F1FE0B2091F3D90084C3D0 /* Assets.xcassets in Resources */ = {isa = PBXBuildFile; fileRef = 57F1FE0A2091F3D90084C3D0 /* Assets.xcassets */; };
		57F1FE0E2091F3D90084C3D0 /* LaunchScreen.storyboard in Resources */ = {isa = PBXBuildFile; fileRef = 57F1FE0C2091F3D90084C3D0 /* LaunchScreen.storyboard */; };
		57F1FE192091F3D90084C3D0 /* youtubeTests.swift in Sources */ = {isa = PBXBuildFile; fileRef = 57F1FE182091F3D90084C3D0 /* youtubeTests.swift */; };
		57F1FE242091F3D90084C3D0 /* youtubeUITests.swift in Sources */ = {isa = PBXBuildFile; fileRef = 57F1FE232091F3D90084C3D0 /* youtubeUITests.swift */; };
/* End PBXBuildFile section */

/* Begin PBXContainerItemProxy section */
		57F1FE152091F3D90084C3D0 /* PBXContainerItemProxy */ = {
			isa = PBXContainerItemProxy;
			containerPortal = 57F1FDF82091F3D80084C3D0 /* Project object */;
			proxyType = 1;
			remoteGlobalIDString = 57F1FDFF2091F3D80084C3D0;
			remoteInfo = youtube;
		};
		57F1FE202091F3D90084C3D0 /* PBXContainerItemProxy */ = {
			isa = PBXContainerItemProxy;
			containerPortal = 57F1FDF82091F3D80084C3D0 /* Project object */;
			proxyType = 1;
			remoteGlobalIDString = 57F1FDFF2091F3D80084C3D0;
			remoteInfo = youtube;
		};
/* End PBXContainerItemProxy section */

/* Begin PBXFileReference section */
		57F1FE002091F3D80084C3D0 /* youtube.app */ = {isa = PBXFileReference; explicitFileType = wrapper.application; includeInIndex = 0; path = youtube.app; sourceTree = BUILT_PRODUCTS_DIR; };
		57F1FE032091F3D80084C3D0 /* AppDelegate.swift */ = {isa = PBXFileReference; lastKnownFileType = sourcecode.swift; path = AppDelegate.swift; sourceTree = "<group>"; };
		57F1FE052091F3D80084C3D0 /* ViewController.swift */ = {isa = PBXFileReference; lastKnownFileType = sourcecode.swift; path = ViewController.swift; sourceTree = "<group>"; };
		57F1FE0A2091F3D90084C3D0 /* Assets.xcassets */ = {isa = PBXFileReference; lastKnownFileType = folder.assetcatalog; path = Assets.xcassets; sourceTree = "<group>"; };
		57F1FE0D2091F3D90084C3D0 /* Base */ = {isa = PBXFileReference; lastKnownFileType = file.storyboard; name = Base; path = Base.lproj/LaunchScreen.storyboard; sourceTree = "<group>"; };
		57F1FE0F2091F3D90084C3D0 /* Info.plist */ = {isa = PBXFileReference; lastKnownFileType = text.plist.xml; path = Info.plist; sourceTree = "<group>"; };
		57F1FE142091F3D90084C3D0 /* youtubeTests.xctest */ = {isa = PBXFileReference; explicitFileType = wrapper.cfbundle; includeInIndex = 0; path = youtubeTests.xctest; sourceTree = BUILT_PRODUCTS_DIR; };
		57F1FE182091F3D90084C3D0 /* youtubeTests.swift */ = {isa = PBXFileReference; lastKnownFileType = sourcecode.swift; path = youtubeTests.swift; sourceTree = "<group>"; };
		57F1FE1A2091F3D90084C3D0 /* Info.plist */ = {isa = PBXFileReference; lastKnownFileType = text.plist.xml; path = Info.plist; sourceTree = "<group>"; };
		57F1FE1F2091F3D90084C3D0 /* youtubeUITests.xctest */ = {isa = PBXFileReference; explicitFileType = wrapper.cfbundle; includeInIndex = 0; path = youtubeUITests.xctest; sourceTree = BUILT_PRODUCTS_DIR; };
		57F1FE232091F3D90084C3D0 /* youtubeUITests.swift */ = {isa = PBXFileReference; lastKnownFileType = sourcecode.swift; path = youtubeUITests.swift; sourceTree = "<group>"; };
		57F1FE252091F3D90084C3D0 /* Info.plist */ = {isa = PBXFileReference; lastKnownFileType = text.plist.xml; path = Info.plist; sourceTree = "<group>"; };
/* End PBXFileReference section */

/* Begin PBXFrameworksBuildPhase section */
		57F1FDFD2091F3D80084C3D0 /* Frameworks */ = {
			isa = PBXFrameworksBuildPhase;
			buildActionMask = 2147483647;
			files = (
			);
			runOnlyForDeploymentPostprocessing = 0;
		};
		57F1FE112091F3D90084C3D0 /* Frameworks */ = {
			isa = PBXFrameworksBuildPhase;
			buildActionMask = 2147483647;
			files = (
			);
			runOnlyForDeploymentPostprocessing = 0;
		};
		57F1FE1C2091F3D90084C3D0 /* Frameworks */ = {
			isa = PBXFrameworksBuildPhase;
			buildActionMask = 2147483647;
			files = (
			);
			runOnlyForDeploymentPostprocessing = 0;
		};
/* End PBXFrameworksBuildPhase section */

/* Begin PBXGroup section */
		57F1FDF72091F3D80084C3D0 = {
			isa = PBXGroup;
			children = (
				57F1FE022091F3D80084C3D0 /* youtube */,
				57F1FE172091F3D90084C3D0 /* youtubeTests */,
				57F1FE222091F3D90084C3D0 /* youtubeUITests */,
				57F1FE012091F3D80084C3D0 /* Products */,
			);
			sourceTree = "<group>";
		};
		57F1FE012091F3D80084C3D0 /* Products */ = {
			isa = PBXGroup;
			children = (
				57F1FE002091F3D80084C3D0 /* youtube.app */,
				57F1FE142091F3D90084C3D0 /* youtubeTests.xctest */,
				57F1FE1F2091F3D90084C3D0 /* youtubeUITests.xctest */,
			);
			name = Products;
			sourceTree = "<group>";
		};
		57F1FE022091F3D80084C3D0 /* youtube */ = {
			isa = PBXGroup;
			children = (
				57F1FE032091F3D80084C3D0 /* AppDelegate.swift */,
				57F1FE052091F3D80084C3D0 /* ViewController.swift */,
				57F1FE0A2091F3D90084C3D0 /* Assets.xcassets */,
				57F1FE0C2091F3D90084C3D0 /* LaunchScreen.storyboard */,
				57F1FE0F2091F3D90084C3D0 /* Info.plist */,
			);
			path = youtube;
			sourceTree = "<group>";
		};
		57F1FE172091F3D90084C3D0 /* youtubeTests */ = {
			isa = PBXGroup;
			children = (
				57F1FE182091F3D90084C3D0 /* youtubeTests.swift */,
				57F1FE1A2091F3D90084C3D0 /* Info.plist */,
			);
			path = youtubeTests;
			sourceTree = "<group>";
		};
		57F1FE222091F3D90084C3D0 /* youtubeUITests */ = {
			isa = PBXGroup;
			children = (
				57F1FE232091F3D90084C3D0 /* youtubeUITests.swift */,
				57F1FE252091F3D90084C3D0 /* Info.plist */,
			);
			path = youtubeUITests;
			sourceTree = "<group>";
		};
/* End PBXGroup section */

/* Begin PBXNativeTarget section */
		57F1FDFF2091F3D80084C3D0 /* youtube */ = {
			isa = PBXNativeTarget;
			buildConfigurationList = 57F1FE282091F3D90084C3D0 /* Build configuration list for PBXNativeTarget "youtube" */;
			buildPhases = (
				57F1FDFC2091F3D80084C3D0 /* Sources */,
				57F1FDFD2091F3D80084C3D0 /* Frameworks */,
				57F1FDFE2091F3D80084C3D0 /* Resources */,
			);
			buildRules = (
			);
			dependencies = (
			);
			name = youtube;
			productName = youtube;
			productReference = 57F1FE002091F3D80084C3D0 /* youtube.app */;
			productType = "com.apple.product-type.application";
		};
		57F1FE132091F3D90084C3D0 /* youtubeTests */ = {
			isa = PBXNativeTarget;
			buildConfigurationList = 57F1FE2B2091F3D90084C3D0 /* Build configuration list for PBXNativeTarget "youtubeTests" */;
			buildPhases = (
				57F1FE102091F3D90084C3D0 /* Sources */,
				57F1FE112091F3D90084C3D0 /* Frameworks */,
				57F1FE122091F3D90084C3D0 /* Resources */,
			);
			buildRules = (
			);
			dependencies = (
				57F1FE162091F3D90084C3D0 /* PBXTargetDependency */,
			);
			name = youtubeTests;
			productName = youtubeTests;
			productReference = 57F1FE142091F3D90084C3D0 /* youtubeTests.xctest */;
			productType = "com.apple.product-type.bundle.unit-test";
		};
		57F1FE1E2091F3D90084C3D0 /* youtubeUITests */ = {
			isa = PBXNativeTarget;
			buildConfigurationList = 57F1FE2E2091F3D90084C3D0 /* Build configuration list for PBXNativeTarget "youtubeUITests" */;
			buildPhases = (
				57F1FE1B2091F3D90084C3D0 /* Sources */,
				57F1FE1C2091F3D90084C3D0 /* Frameworks */,
				57F1FE1D2091F3D90084C3D0 /* Resources */,
			);
			buildRules = (
			);
			dependencies = (
				57F1FE212091F3D90084C3D0 /* PBXTargetDependency */,
			);
			name = youtubeUITests;
			productName = youtubeUITests;
			productReference = 57F1FE1F2091F3D90084C3D0 /* youtubeUITests.xctest */;
			productType = "com.apple.product-type.bundle.ui-testing";
		};
/* End PBXNativeTarget section */

/* Begin PBXProject section */
		57F1FDF82091F3D80084C3D0 /* Project object */ = {
			isa = PBXProject;
			attributes = {
				LastSwiftUpdateCheck = 0930;
				LastUpgradeCheck = 0930;
				ORGANIZATIONNAME = "victor quesnel";
				TargetAttributes = {
					57F1FDFF2091F3D80084C3D0 = {
						CreatedOnToolsVersion = 9.3;
					};
					57F1FE132091F3D90084C3D0 = {
						CreatedOnToolsVersion = 9.3;
						TestTargetID = 57F1FDFF2091F3D80084C3D0;
					};
					57F1FE1E2091F3D90084C3D0 = {
						CreatedOnToolsVersion = 9.3;
						TestTargetID = 57F1FDFF2091F3D80084C3D0;
					};
				};
			};
			buildConfigurationList = 57F1FDFB2091F3D80084C3D0 /* Build configuration list for PBXProject "youtube" */;
			compatibilityVersion = "Xcode 9.3";
			developmentRegion = en;
			hasScannedForEncodings = 0;
			knownRegions = (
				en,
				Base,
			);
			mainGroup = 57F1FDF72091F3D80084C3D0;
			productRefGroup = 57F1FE012091F3D80084C3D0 /* Products */;
			projectDirPath = "";
			projectRoot = "";
			targets = (
				57F1FDFF2091F3D80084C3D0 /* youtube */,
				57F1FE132091F3D90084C3D0 /* youtubeTests */,
				57F1FE1E2091F3D90084C3D0 /* youtubeUITests */,
			);
		};
/* End PBXProject section */

/* Begin PBXResourcesBuildPhase section */
		57F1FDFE2091F3D80084C3D0 /* Resources */ = {
			isa = PBXResourcesBuildPhase;
			buildActionMask = 2147483647;
			files = (
				57F1FE0E2091F3D90084C3D0 /* LaunchScreen.storyboard in Resources */,
				57F1FE0B2091F3D90084C3D0 /* Assets.xcassets in Resources */,
			);
			runOnlyForDeploymentPostprocessing = 0;
		};
		57F1FE122091F3D90084C3D0 /* Resources */ = {
			isa = PBXResourcesBuildPhase;
			buildActionMask = 2147483647;
			files = (
			);
			runOnlyForDeploymentPostprocessing = 0;
		};
		57F1FE1D2091F3D90084C3D0 /* Resources */ = {
			isa = PBXResourcesBuildPhase;
			buildActionMask = 2147483647;
			files = (
			);
			runOnlyForDeploymentPostprocessing = 0;
		};
/* End PBXResourcesBuildPhase section */

/* Begin PBXSourcesBuildPhase section */
		57F1FDFC2091F3D80084C3D0 /* Sources */ = {
			isa = PBXSourcesBuildPhase;
			buildActionMask = 2147483647;
			files = (
				57F1FE062091F3D80084C3D0 /* ViewController.swift in Sources */,
				57F1FE042091F3D80084C3D0 /* AppDelegate.swift in Sources */,
			);
			runOnlyForDeploymentPostprocessing = 0;
		};
		57F1FE102091F3D90084C3D0 /* Sources */ = {
			isa = PBXSourcesBuildPhase;
			buildActionMask = 2147483647;
			files = (
				57F1FE192091F3D90084C3D0 /* youtubeTests.swift in Sources */,
			);
			runOnlyForDeploymentPostprocessing = 0;
		};
		57F1FE1B2091F3D90084C3D0 /* Sources */ = {
			isa = PBXSourcesBuildPhase;
			buildActionMask = 2147483647;
			files = (
				57F1FE242091F3D90084C3D0 /* youtubeUITests.swift in Sources */,
			);
			runOnlyForDeploymentPostprocessing = 0;
		};
/* End PBXSourcesBuildPhase section */

/* Begin PBXTargetDependency section */
		57F1FE162091F3D90084C3D0 /* PBXTargetDependency */ = {
			isa = PBXTargetDependency;
			target = 57F1FDFF2091F3D80084C3D0 /* youtube */;
			targetProxy = 57F1FE152091F3D90084C3D0 /* PBXContainerItemProxy */;
		};
		57F1FE212091F3D90084C3D0 /* PBXTargetDependency */ = {
			isa = PBXTargetDependency;
			target = 57F1FDFF2091F3D80084C3D0 /* youtube */;
			targetProxy = 57F1FE202091F3D90084C3D0 /* PBXContainerItemProxy */;
		};
/* End PBXTargetDependency section */

/* Begin PBXVariantGroup section */
		57F1FE0C2091F3D90084C3D0 /* LaunchScreen.storyboard */ = {
			isa = PBXVariantGroup;
			children = (
				57F1FE0D2091F3D90084C3D0 /* Base */,
			);
			name = LaunchScreen.storyboard;
			sourceTree = "<group>";
		};
/* End PBXVariantGroup section */

/* Begin XCBuildConfiguration section */
		57F1FE262091F3D90084C3D0 /* Debug */ = {
			isa = XCBuildConfiguration;
			buildSettings = {
				ALWAYS_SEARCH_USER_PATHS = NO;
				CLANG_ANALYZER_NONNULL = YES;
				CLANG_ANALYZER_NUMBER_OBJECT_CONVERSION = YES_AGGRESSIVE;
				CLANG_CXX_LANGUAGE_STANDARD = "gnu++14";
				CLANG_CXX_LIBRARY = "libc++";
				CLANG_ENABLE_MODULES = YES;
				CLANG_ENABLE_OBJC_ARC = YES;
				CLANG_ENABLE_OBJC_WEAK = YES;
				CLANG_WARN_BLOCK_CAPTURE_AUTORELEASING = YES;
				CLANG_WARN_BOOL_CONVERSION = YES;
				CLANG_WARN_COMMA = YES;
				CLANG_WARN_CONSTANT_CONVERSION = YES;
				CLANG_WARN_DEPRECATED_OBJC_IMPLEMENTATIONS = YES;
				CLANG_WARN_DIRECT_OBJC_ISA_USAGE = YES_ERROR;
				CLANG_WARN_DOCUMENTATION_COMMENTS = YES;
				CLANG_WARN_EMPTY_BODY = YES;
				CLANG_WARN_ENUM_CONVERSION = YES;
				CLANG_WARN_INFINITE_RECURSION = YES;
				CLANG_WARN_INT_CONVERSION = YES;
				CLANG_WARN_NON_LITERAL_NULL_CONVERSION = YES;
				CLANG_WARN_OBJC_IMPLICIT_RETAIN_SELF = YES;
				CLANG_WARN_OBJC_LITERAL_CONVERSION = YES;
				CLANG_WARN_OBJC_ROOT_CLASS = YES_ERROR;
				CLANG_WARN_RANGE_LOOP_ANALYSIS = YES;
				CLANG_WARN_STRICT_PROTOTYPES = YES;
				CLANG_WARN_SUSPICIOUS_MOVE = YES;
				CLANG_WARN_UNGUARDED_AVAILABILITY = YES_AGGRESSIVE;
				CLANG_WARN_UNREACHABLE_CODE = YES;
				CLANG_WARN__DUPLICATE_METHOD_MATCH = YES;
				CODE_SIGN_IDENTITY = "iPhone Developer";
				COPY_PHASE_STRIP = NO;
				DEBUG_INFORMATION_FORMAT = dwarf;
				ENABLE_STRICT_OBJC_MSGSEND = YES;
				ENABLE_TESTABILITY = YES;
				GCC_C_LANGUAGE_STANDARD = gnu11;
				GCC_DYNAMIC_NO_PIC = NO;
				GCC_NO_COMMON_BLOCKS = YES;
				GCC_OPTIMIZATION_LEVEL = 0;
				GCC_PREPROCESSOR_DEFINITIONS = (
					"DEBUG=1",
					"$(inherited)",
				);
				GCC_WARN_64_TO_32_BIT_CONVERSION = YES;
				GCC_WARN_ABOUT_RETURN_TYPE = YES_ERROR;
				GCC_WARN_UNDECLARED_SELECTOR = YES;
				GCC_WARN_UNINITIALIZED_AUTOS = YES_AGGRESSIVE;
				GCC_WARN_UNUSED_FUNCTION = YES;
				GCC_WARN_UNUSED_VARIABLE = YES;
				IPHONEOS_DEPLOYMENT_TARGET = 11.3;
				MTL_ENABLE_DEBUG_INFO = YES;
				ONLY_ACTIVE_ARCH = YES;
				SDKROOT = iphoneos;
				SWIFT_ACTIVE_COMPILATION_CONDITIONS = DEBUG;
				SWIFT_OPTIMIZATION_LEVEL = "-Onone";
			};
			name = Debug;
		};
		57F1FE272091F3D90084C3D0 /* Release */ = {
			isa = XCBuildConfiguration;
			buildSettings = {
				ALWAYS_SEARCH_USER_PATHS = NO;
				CLANG_ANALYZER_NONNULL = YES;
				CLANG_ANALYZER_NUMBER_OBJECT_CONVERSION = YES_AGGRESSIVE;
				CLANG_CXX_LANGUAGE_STANDARD = "gnu++14";
				CLANG_CXX_LIBRARY = "libc++";
				CLANG_ENABLE_MODULES = YES;
				CLANG_ENABLE_OBJC_ARC = YES;
				CLANG_ENABLE_OBJC_WEAK = YES;
				CLANG_WARN_BLOCK_CAPTURE_AUTORELEASING = YES;
				CLANG_WARN_BOOL_CONVERSION = YES;
				CLANG_WARN_COMMA = YES;
				CLANG_WARN_CONSTANT_CONVERSION = YES;
				CLANG_WARN_DEPRECATED_OBJC_IMPLEMENTATIONS = YES;
				CLANG_WARN_DIRECT_OBJC_ISA_USAGE = YES_ERROR;
				CLANG_WARN_DOCUMENTATION_COMMENTS = YES;
				CLANG_WARN_EMPTY_BODY = YES;
				CLANG_WARN_ENUM_CONVERSION = YES;
				CLANG_WARN_INFINITE_RECURSION = YES;
				CLANG_WARN_INT_CONVERSION = YES;
				CLANG_WARN_NON_LITERAL_NULL_CONVERSION = YES;
				CLANG_WARN_OBJC_IMPLICIT_RETAIN_SELF = YES;
				CLANG_WARN_OBJC_LITERAL_CONVERSION = YES;
				CLANG_WARN_OBJC_ROOT_CLASS = YES_ERROR;
				CLANG_WARN_RANGE_LOOP_ANALYSIS = YES;
				CLANG_WARN_STRICT_PROTOTYPES = YES;
				CLANG_WARN_SUSPICIOUS_MOVE = YES;
				CLANG_WARN_UNGUARDED_AVAILABILITY = YES_AGGRESSIVE;
				CLANG_WARN_UNREACHABLE_CODE = YES;
				CLANG_WARN__DUPLICATE_METHOD_MATCH = YES;
				CODE_SIGN_IDENTITY = "iPhone Developer";
				COPY_PHASE_STRIP = NO;
				DEBUG_INFORMATION_FORMAT = "dwarf-with-dsym";
				ENABLE_NS_ASSERTIONS = NO;
				ENABLE_STRICT_OBJC_MSGSEND = YES;
				GCC_C_LANGUAGE_STANDARD = gnu11;
				GCC_NO_COMMON_BLOCKS = YES;
				GCC_WARN_64_TO_32_BIT_CONVERSION = YES;
				GCC_WARN_ABOUT_RETURN_TYPE = YES_ERROR;
				GCC_WARN_UNDECLARED_SELECTOR = YES;
				GCC_WARN_UNINITIALIZED_AUTOS = YES_AGGRESSIVE;
				GCC_WARN_UNUSED_FUNCTION = YES;
				GCC_WARN_UNUSED_VARIABLE = YES;
				IPHONEOS_DEPLOYMENT_TARGET = 11.3;
				MTL_ENABLE_DEBUG_INFO = NO;
				SDKROOT = iphoneos;
				SWIFT_COMPILATION_MODE = wholemodule;
				SWIFT_OPTIMIZATION_LEVEL = "-O";
				VALIDATE_PRODUCT = YES;
			};
			name = Release;
		};
		57F1FE292091F3D90084C3D0 /* Debug */ = {
			isa = XCBuildConfiguration;
			buildSettings = {
				ASSETCATALOG_COMPILER_APPICON_NAME = AppIcon;
				CODE_SIGN_STYLE = Automatic;
				INFOPLIST_FILE = youtube/Info.plist;
				LD_RUNPATH_SEARCH_PATHS = (
					"$(inherited)",
					"@executable_path/Frameworks",
				);
				PRODUCT_BUNDLE_IDENTIFIER = vquesnel.youtube;
				PRODUCT_NAME = "$(TARGET_NAME)";
				SWIFT_VERSION = 4.0;
				TARGETED_DEVICE_FAMILY = "1,2";
			};
			name = Debug;
		};
		57F1FE2A2091F3D90084C3D0 /* Release */ = {
			isa = XCBuildConfiguration;
			buildSettings = {
				ASSETCATALOG_COMPILER_APPICON_NAME = AppIcon;
				CODE_SIGN_STYLE = Automatic;
				INFOPLIST_FILE = youtube/Info.plist;
				LD_RUNPATH_SEARCH_PATHS = (
					"$(inherited)",
					"@executable_path/Frameworks",
				);
				PRODUCT_BUNDLE_IDENTIFIER = vquesnel.youtube;
				PRODUCT_NAME = "$(TARGET_NAME)";
				SWIFT_VERSION = 4.0;
				TARGETED_DEVICE_FAMILY = "1,2";
			};
			name = Release;
		};
		57F1FE2C2091F3D90084C3D0 /* Debug */ = {
			isa = XCBuildConfiguration;
			buildSettings = {
				ALWAYS_EMBED_SWIFT_STANDARD_LIBRARIES = YES;
				BUNDLE_LOADER = "$(TEST_HOST)";
				CODE_SIGN_STYLE = Automatic;
				INFOPLIST_FILE = youtubeTests/Info.plist;
				LD_RUNPATH_SEARCH_PATHS = (
					"$(inherited)",
					"@executable_path/Frameworks",
					"@loader_path/Frameworks",
				);
				PRODUCT_BUNDLE_IDENTIFIER = vquesnel.youtubeTests;
				PRODUCT_NAME = "$(TARGET_NAME)";
				SWIFT_VERSION = 4.0;
				TARGETED_DEVICE_FAMILY = "1,2";
				TEST_HOST = "$(BUILT_PRODUCTS_DIR)/youtube.app/youtube";
			};
			name = Debug;
		};
		57F1FE2D2091F3D90084C3D0 /* Release */ = {
			isa = XCBuildConfiguration;
			buildSettings = {
				ALWAYS_EMBED_SWIFT_STANDARD_LIBRARIES = YES;
				BUNDLE_LOADER = "$(TEST_HOST)";
				CODE_SIGN_STYLE = Automatic;
				INFOPLIST_FILE = youtubeTests/Info.plist;
				LD_RUNPATH_SEARCH_PATHS = (
					"$(inherited)",
					"@executable_path/Frameworks",
					"@loader_path/Frameworks",
				);
				PRODUCT_BUNDLE_IDENTIFIER = vquesnel.youtubeTests;
				PRODUCT_NAME = "$(TARGET_NAME)";
				SWIFT_VERSION = 4.0;
				TARGETED_DEVICE_FAMILY = "1,2";
				TEST_HOST = "$(BUILT_PRODUCTS_DIR)/youtube.app/youtube";
			};
			name = Release;
		};
		57F1FE2F2091F3D90084C3D0 /* Debug */ = {
			isa = XCBuildConfiguration;
			buildSettings = {
				ALWAYS_EMBED_SWIFT_STANDARD_LIBRARIES = YES;
				CODE_SIGN_STYLE = Automatic;
				INFOPLIST_FILE = youtubeUITests/Info.plist;
				LD_RUNPATH_SEARCH_PATHS = (
					"$(inherited)",
					"@executable_path/Frameworks",
					"@loader_path/Frameworks",
				);
				PRODUCT_BUNDLE_IDENTIFIER = vquesnel.youtubeUITests;
				PRODUCT_NAME = "$(TARGET_NAME)";
				SWIFT_VERSION = 4.0;
				TARGETED_DEVICE_FAMILY = "1,2";
				TEST_TARGET_NAME = youtube;
			};
			name = Debug;
		};
		57F1FE302091F3D90084C3D0 /* Release */ = {
			isa = XCBuildConfiguration;
			buildSettings = {
				ALWAYS_EMBED_SWIFT_STANDARD_LIBRARIES = YES;
				CODE_SIGN_STYLE = Automatic;
				INFOPLIST_FILE = youtubeUITests/Info.plist;
				LD_RUNPATH_SEARCH_PATHS = (
					"$(inherited)",
					"@executable_path/Frameworks",
					"@loader_path/Frameworks",
				);
				PRODUCT_BUNDLE_IDENTIFIER = vquesnel.youtubeUITests;
				PRODUCT_NAME = "$(TARGET_NAME)";
				SWIFT_VERSION = 4.0;
				TARGETED_DEVICE_FAMILY = "1,2";
				TEST_TARGET_NAME = youtube;
			};
			name = Release;
		};
/* End XCBuildConfiguration section */

/* Begin XCConfigurationList section */
		57F1FDFB2091F3D80084C3D0 /* Build configuration list for PBXProject "youtube" */ = {
			isa = XCConfigurationList;
			buildConfigurations = (
				57F1FE262091F3D90084C3D0 /* Debug */,
				57F1FE272091F3D90084C3D0 /* Release */,
			);
			defaultConfigurationIsVisible = 0;
			defaultConfigurationName = Release;
		};
		57F1FE282091F3D90084C3D0 /* Build configuration list for PBXNativeTarget "youtube" */ = {
			isa = XCConfigurationList;
			buildConfigurations = (
				57F1FE292091F3D90084C3D0 /* Debug */,
				57F1FE2A2091F3D90084C3D0 /* Release */,
			);
			defaultConfigurationIsVisible = 0;
			defaultConfigurationName = Release;
		};
		57F1FE2B2091F3D90084C3D0 /* Build configuration list for PBXNativeTarget "youtubeTests" */ = {
			isa = XCConfigurationList;
			buildConfigurations = (
				57F1FE2C2091F3D90084C3D0 /* Debug */,
				57F1FE2D2091F3D90084C3D0 /* Release */,
			);
			defaultConfigurationIsVisible = 0;
			defaultConfigurationName = Release;
		};
		57F1FE2E2091F3D90084C3D0 /* Build configuration list for PBXNativeTarget "youtubeUITests" */ = {
			isa = XCConfigurationList;
			buildConfigurations = (
				57F1FE2F2091F3D90084C3D0 /* Debug */,
				57F1FE302091F3D90084C3D0 /* Release */,
			);
			defaultConfigurationIsVisible = 0;
			defaultConfigurationName = Release;
		};
/* End XCConfigurationList section */
	};
	rootObject = 57F1FDF82091F3D80084C3D0 /* Project object */;
}
