// !$*UTF8*$!
{
	archiveVersion = 1;
	classes = {
	};
	objectVersion = 48;
	objects = {

/* Begin PBXBuildFile section */
		27B3749B20932EF000D92765 /* AppDelegate.swift in Sources */ = {isa = PBXBuildFile; fileRef = 27B3749A20932EF000D92765 /* AppDelegate.swift */; };
		27B3749D20932EF000D92765 /* HomeController.swift in Sources */ = {isa = PBXBuildFile; fileRef = 27B3749C20932EF000D92765 /* HomeController.swift */; };
		27B374A220932EF000D92765 /* Assets.xcassets in Resources */ = {isa = PBXBuildFile; fileRef = 27B374A120932EF000D92765 /* Assets.xcassets */; };
		27B374B120932F7F00D92765 /* Extensions.swift in Sources */ = {isa = PBXBuildFile; fileRef = 27B374B020932F7F00D92765 /* Extensions.swift */; };
		27B374B320932FA000D92765 /* MenuBar.swift in Sources */ = {isa = PBXBuildFile; fileRef = 27B374B220932FA000D92765 /* MenuBar.swift */; };
		27B374B520932FB700D92765 /* VideoCell.swift in Sources */ = {isa = PBXBuildFile; fileRef = 27B374B420932FB700D92765 /* VideoCell.swift */; };
		27B374B820933DE200D92765 /* Video.swift in Sources */ = {isa = PBXBuildFile; fileRef = 27B374B720933DE200D92765 /* Video.swift */; };
		27B374BB20935E2400D92765 /* Request.swift in Sources */ = {isa = PBXBuildFile; fileRef = 27B374BA20935E2400D92765 /* Request.swift */; };
		27F1EB7E2097189C00CC83A8 /* TrendingCell.swift in Sources */ = {isa = PBXBuildFile; fileRef = 27F1EB7D2097189C00CC83A8 /* TrendingCell.swift */; };
		27F1EB8020971D3A00CC83A8 /* SubscriptionCell.swift in Sources */ = {isa = PBXBuildFile; fileRef = 27F1EB7F20971D3A00CC83A8 /* SubscriptionCell.swift */; };
		27F1EB82209735AF00CC83A8 /* VideoLauncher.swift in Sources */ = {isa = PBXBuildFile; fileRef = 27F1EB81209735AF00CC83A8 /* VideoLauncher.swift */; };
		57055A1C2094944900708FDF /* SettingsLauncher.swift in Sources */ = {isa = PBXBuildFile; fileRef = 57055A1B2094944900708FDF /* SettingsLauncher.swift */; };
		57055A1E20949E1800708FDF /* SettingCell.swift in Sources */ = {isa = PBXBuildFile; fileRef = 57055A1D20949E1800708FDF /* SettingCell.swift */; };
		57055A202094A61000708FDF /* Setting.swift in Sources */ = {isa = PBXBuildFile; fileRef = 57055A1F2094A61000708FDF /* Setting.swift */; };
		5767873F2095F054007F8676 /* Launch Screen.storyboard in Resources */ = {isa = PBXBuildFile; fileRef = 5767873E2095F054007F8676 /* Launch Screen.storyboard */; };
		576787412095F90D007F8676 /* FeedCell.swift in Sources */ = {isa = PBXBuildFile; fileRef = 576787402095F90D007F8676 /* FeedCell.swift */; };
		576787432095F948007F8676 /* BaseCell.swift in Sources */ = {isa = PBXBuildFile; fileRef = 576787422095F948007F8676 /* BaseCell.swift */; };
/* End PBXBuildFile section */

/* Begin PBXFileReference section */
		27B3749720932EF000D92765 /* youtube.app */ = {isa = PBXFileReference; explicitFileType = wrapper.application; includeInIndex = 0; path = youtube.app; sourceTree = BUILT_PRODUCTS_DIR; };
		27B3749A20932EF000D92765 /* AppDelegate.swift */ = {isa = PBXFileReference; lastKnownFileType = sourcecode.swift; path = AppDelegate.swift; sourceTree = "<group>"; };
		27B3749C20932EF000D92765 /* HomeController.swift */ = {isa = PBXFileReference; lastKnownFileType = sourcecode.swift; path = HomeController.swift; sourceTree = "<group>"; };
		27B374A120932EF000D92765 /* Assets.xcassets */ = {isa = PBXFileReference; lastKnownFileType = folder.assetcatalog; path = Assets.xcassets; sourceTree = "<group>"; };
		27B374A620932EF000D92765 /* Info.plist */ = {isa = PBXFileReference; lastKnownFileType = text.plist.xml; path = Info.plist; sourceTree = "<group>"; };
		27B374B020932F7F00D92765 /* Extensions.swift */ = {isa = PBXFileReference; lastKnownFileType = sourcecode.swift; path = Extensions.swift; sourceTree = "<group>"; };
		27B374B220932FA000D92765 /* MenuBar.swift */ = {isa = PBXFileReference; lastKnownFileType = sourcecode.swift; path = MenuBar.swift; sourceTree = "<group>"; };
		27B374B420932FB700D92765 /* VideoCell.swift */ = {isa = PBXFileReference; lastKnownFileType = sourcecode.swift; path = VideoCell.swift; sourceTree = "<group>"; };
		27B374B720933DE200D92765 /* Video.swift */ = {isa = PBXFileReference; lastKnownFileType = sourcecode.swift; path = Video.swift; sourceTree = "<group>"; };
		27B374BA20935E2400D92765 /* Request.swift */ = {isa = PBXFileReference; lastKnownFileType = sourcecode.swift; path = Request.swift; sourceTree = "<group>"; };
		27F1EB7D2097189C00CC83A8 /* TrendingCell.swift */ = {isa = PBXFileReference; lastKnownFileType = sourcecode.swift; path = TrendingCell.swift; sourceTree = "<group>"; };
		27F1EB7F20971D3A00CC83A8 /* SubscriptionCell.swift */ = {isa = PBXFileReference; lastKnownFileType = sourcecode.swift; path = SubscriptionCell.swift; sourceTree = "<group>"; };
		27F1EB81209735AF00CC83A8 /* VideoLauncher.swift */ = {isa = PBXFileReference; lastKnownFileType = sourcecode.swift; path = VideoLauncher.swift; sourceTree = "<group>"; };
		57055A1B2094944900708FDF /* SettingsLauncher.swift */ = {isa = PBXFileReference; lastKnownFileType = sourcecode.swift; path = SettingsLauncher.swift; sourceTree = "<group>"; };
		57055A1D20949E1800708FDF /* SettingCell.swift */ = {isa = PBXFileReference; lastKnownFileType = sourcecode.swift; path = SettingCell.swift; sourceTree = "<group>"; };
		57055A1F2094A61000708FDF /* Setting.swift */ = {isa = PBXFileReference; lastKnownFileType = sourcecode.swift; path = Setting.swift; sourceTree = "<group>"; };
		5767873E2095F054007F8676 /* Launch Screen.storyboard */ = {isa = PBXFileReference; lastKnownFileType = file.storyboard; path = "Launch Screen.storyboard"; sourceTree = "<group>"; };
		576787402095F90D007F8676 /* FeedCell.swift */ = {isa = PBXFileReference; lastKnownFileType = sourcecode.swift; path = FeedCell.swift; sourceTree = "<group>"; };
		576787422095F948007F8676 /* BaseCell.swift */ = {isa = PBXFileReference; lastKnownFileType = sourcecode.swift; path = BaseCell.swift; sourceTree = "<group>"; };
/* End PBXFileReference section */

/* Begin PBXFrameworksBuildPhase section */
		27B3749420932EF000D92765 /* Frameworks */ = {
			isa = PBXFrameworksBuildPhase;
			buildActionMask = 2147483647;
			files = (
			);
			runOnlyForDeploymentPostprocessing = 0;
		};
/* End PBXFrameworksBuildPhase section */

/* Begin PBXGroup section */
		27B3748E20932EF000D92765 = {
			isa = PBXGroup;
			children = (
				27B3749920932EF000D92765 /* youtube2 */,
				27B3749820932EF000D92765 /* Products */,
			);
			sourceTree = "<group>";
		};
		27B3749820932EF000D92765 /* Products */ = {
			isa = PBXGroup;
			children = (
				27B3749720932EF000D92765 /* youtube.app */,
			);
			name = Products;
			sourceTree = "<group>";
		};
		27B3749920932EF000D92765 /* youtube2 */ = {
			isa = PBXGroup;
			children = (
				27B374B920935E0D00D92765 /* Services */,
				27B374B620933DCE00D92765 /* Model */,
				27B374AE20932F5C00D92765 /* View */,
				27B374AD20932F5700D92765 /* Helpers */,
				27B374AC20932F4900D92765 /* Controller */,
				27B3749A20932EF000D92765 /* AppDelegate.swift */,
				27B374A120932EF000D92765 /* Assets.xcassets */,
				27B374A620932EF000D92765 /* Info.plist */,
				5767873E2095F054007F8676 /* Launch Screen.storyboard */,
			);
			path = youtube2;
			sourceTree = "<group>";
		};
		27B374AC20932F4900D92765 /* Controller */ = {
			isa = PBXGroup;
			children = (
				27B3749C20932EF000D92765 /* HomeController.swift */,
				57055A1B2094944900708FDF /* SettingsLauncher.swift */,
			);
			path = Controller;
			sourceTree = "<group>";
		};
		27B374AD20932F5700D92765 /* Helpers */ = {
			isa = PBXGroup;
			children = (
				27B374B020932F7F00D92765 /* Extensions.swift */,
				27F1EB81209735AF00CC83A8 /* VideoLauncher.swift */,
			);
			path = Helpers;
			sourceTree = "<group>";
		};
		27B374AE20932F5C00D92765 /* View */ = {
			isa = PBXGroup;
			children = (
				27B374B220932FA000D92765 /* MenuBar.swift */,
				27B374B420932FB700D92765 /* VideoCell.swift */,
				57055A1D20949E1800708FDF /* SettingCell.swift */,
				576787402095F90D007F8676 /* FeedCell.swift */,
				576787422095F948007F8676 /* BaseCell.swift */,
				27F1EB7D2097189C00CC83A8 /* TrendingCell.swift */,
				27F1EB7F20971D3A00CC83A8 /* SubscriptionCell.swift */,
			);
			path = View;
			sourceTree = "<group>";
		};
		27B374B620933DCE00D92765 /* Model */ = {
			isa = PBXGroup;
			children = (
				27B374B720933DE200D92765 /* Video.swift */,
				57055A1F2094A61000708FDF /* Setting.swift */,
			);
			path = Model;
			sourceTree = "<group>";
		};
		27B374B920935E0D00D92765 /* Services */ = {
			isa = PBXGroup;
			children = (
				27B374BA20935E2400D92765 /* Request.swift */,
			);
			path = Services;
			sourceTree = "<group>";
		};
/* End PBXGroup section */

/* Begin PBXNativeTarget section */
		27B3749620932EF000D92765 /* youtube */ = {
			isa = PBXNativeTarget;
			buildConfigurationList = 27B374A920932EF000D92765 /* Build configuration list for PBXNativeTarget "youtube" */;
			buildPhases = (
				27B3749320932EF000D92765 /* Sources */,
				27B3749420932EF000D92765 /* Frameworks */,
				27B3749520932EF000D92765 /* Resources */,
			);
			buildRules = (
			);
			dependencies = (
			);
			name = youtube;
			productName = youtube2;
			productReference = 27B3749720932EF000D92765 /* youtube.app */;
			productType = "com.apple.product-type.application";
		};
/* End PBXNativeTarget section */

/* Begin PBXProject section */
		27B3748F20932EF000D92765 /* Project object */ = {
			isa = PBXProject;
			attributes = {
				LastSwiftUpdateCheck = 0920;
				LastUpgradeCheck = 0920;
				ORGANIZATIONNAME = "Victor QUESNEL";
				TargetAttributes = {
					27B3749620932EF000D92765 = {
						CreatedOnToolsVersion = 9.2;
						ProvisioningStyle = Automatic;
					};
				};
			};
			buildConfigurationList = 27B3749220932EF000D92765 /* Build configuration list for PBXProject "youtube" */;
			compatibilityVersion = "Xcode 8.0";
			developmentRegion = en;
			hasScannedForEncodings = 0;
			knownRegions = (
				en,
				Base,
			);
			mainGroup = 27B3748E20932EF000D92765;
			productRefGroup = 27B3749820932EF000D92765 /* Products */;
			projectDirPath = "";
			projectRoot = "";
			targets = (
				27B3749620932EF000D92765 /* youtube */,
			);
		};
/* End PBXProject section */

/* Begin PBXResourcesBuildPhase section */
		27B3749520932EF000D92765 /* Resources */ = {
			isa = PBXResourcesBuildPhase;
			buildActionMask = 2147483647;
			files = (
				5767873F2095F054007F8676 /* Launch Screen.storyboard in Resources */,
				27B374A220932EF000D92765 /* Assets.xcassets in Resources */,
			);
			runOnlyForDeploymentPostprocessing = 0;
		};
/* End PBXResourcesBuildPhase section */

/* Begin PBXSourcesBuildPhase section */
		27B3749320932EF000D92765 /* Sources */ = {
			isa = PBXSourcesBuildPhase;
			buildActionMask = 2147483647;
			files = (
				57055A202094A61000708FDF /* Setting.swift in Sources */,
				27B374B520932FB700D92765 /* VideoCell.swift in Sources */,
				27F1EB8020971D3A00CC83A8 /* SubscriptionCell.swift in Sources */,
				27B374B820933DE200D92765 /* Video.swift in Sources */,
				27B3749D20932EF000D92765 /* HomeController.swift in Sources */,
				576787432095F948007F8676 /* BaseCell.swift in Sources */,
				27B374B120932F7F00D92765 /* Extensions.swift in Sources */,
				27F1EB82209735AF00CC83A8 /* VideoLauncher.swift in Sources */,
				57055A1C2094944900708FDF /* SettingsLauncher.swift in Sources */,
				27B374BB20935E2400D92765 /* Request.swift in Sources */,
				27B374B320932FA000D92765 /* MenuBar.swift in Sources */,
				576787412095F90D007F8676 /* FeedCell.swift in Sources */,
				27B3749B20932EF000D92765 /* AppDelegate.swift in Sources */,
				27F1EB7E2097189C00CC83A8 /* TrendingCell.swift in Sources */,
				57055A1E20949E1800708FDF /* SettingCell.swift in Sources */,
			);
			runOnlyForDeploymentPostprocessing = 0;
		};
/* End PBXSourcesBuildPhase section */

/* Begin XCBuildConfiguration section */
		27B374A720932EF000D92765 /* Debug */ = {
			isa = XCBuildConfiguration;
			buildSettings = {
				ALWAYS_SEARCH_USER_PATHS = NO;
				CLANG_ANALYZER_NONNULL = YES;
				CLANG_ANALYZER_NUMBER_OBJECT_CONVERSION = YES_AGGRESSIVE;
				CLANG_CXX_LANGUAGE_STANDARD = "gnu++14";
				CLANG_CXX_LIBRARY = "libc++";
				CLANG_ENABLE_MODULES = YES;
				CLANG_ENABLE_OBJC_ARC = YES;
				CLANG_WARN_BLOCK_CAPTURE_AUTORELEASING = YES;
				CLANG_WARN_BOOL_CONVERSION = YES;
				CLANG_WARN_COMMA = YES;
				CLANG_WARN_CONSTANT_CONVERSION = YES;
				CLANG_WARN_DIRECT_OBJC_ISA_USAGE = YES_ERROR;
				CLANG_WARN_DOCUMENTATION_COMMENTS = YES;
				CLANG_WARN_EMPTY_BODY = YES;
				CLANG_WARN_ENUM_CONVERSION = YES;
				CLANG_WARN_INFINITE_RECURSION = YES;
				CLANG_WARN_INT_CONVERSION = YES;
				CLANG_WARN_NON_LITERAL_NULL_CONVERSION = YES;
				CLANG_WARN_OBJC_LITERAL_CONVERSION = YES;
				CLANG_WARN_OBJC_ROOT_CLASS = YES_ERROR;
				CLANG_WARN_RANGE_LOOP_ANALYSIS = YES;
				CLANG_WARN_STRICT_PROTOTYPES = YES;
				CLANG_WARN_SUSPICIOUS_MOVE = YES;
				CLANG_WARN_UNGUARDED_AVAILABILITY = YES_AGGRESSIVE;
				CLANG_WARN_UNREACHABLE_CODE = YES;
				CLANG_WARN__DUPLICATE_METHOD_MATCH = YES;
				CODE_SIGN_IDENTITY = "iPhone Developer";
				COPY_PHASE_STRIP = NO;
				DEBUG_INFORMATION_FORMAT = dwarf;
				ENABLE_STRICT_OBJC_MSGSEND = YES;
				ENABLE_TESTABILITY = YES;
				GCC_C_LANGUAGE_STANDARD = gnu11;
				GCC_DYNAMIC_NO_PIC = NO;
				GCC_NO_COMMON_BLOCKS = YES;
				GCC_OPTIMIZATION_LEVEL = 0;
				GCC_PREPROCESSOR_DEFINITIONS = (
					"DEBUG=1",
					"$(inherited)",
				);
				GCC_WARN_64_TO_32_BIT_CONVERSION = YES;
				GCC_WARN_ABOUT_RETURN_TYPE = YES_ERROR;
				GCC_WARN_UNDECLARED_SELECTOR = YES;
				GCC_WARN_UNINITIALIZED_AUTOS = YES_AGGRESSIVE;
				GCC_WARN_UNUSED_FUNCTION = YES;
				GCC_WARN_UNUSED_VARIABLE = YES;
				IPHONEOS_DEPLOYMENT_TARGET = 11.2;
				MTL_ENABLE_DEBUG_INFO = YES;
				ONLY_ACTIVE_ARCH = YES;
				SDKROOT = iphoneos;
				SWIFT_ACTIVE_COMPILATION_CONDITIONS = DEBUG;
				SWIFT_OPTIMIZATION_LEVEL = "-Onone";
			};
			name = Debug;
		};
		27B374A820932EF000D92765 /* Release */ = {
			isa = XCBuildConfiguration;
			buildSettings = {
				ALWAYS_SEARCH_USER_PATHS = NO;
				CLANG_ANALYZER_NONNULL = YES;
				CLANG_ANALYZER_NUMBER_OBJECT_CONVERSION = YES_AGGRESSIVE;
				CLANG_CXX_LANGUAGE_STANDARD = "gnu++14";
				CLANG_CXX_LIBRARY = "libc++";
				CLANG_ENABLE_MODULES = YES;
				CLANG_ENABLE_OBJC_ARC = YES;
				CLANG_WARN_BLOCK_CAPTURE_AUTORELEASING = YES;
				CLANG_WARN_BOOL_CONVERSION = YES;
				CLANG_WARN_COMMA = YES;
				CLANG_WARN_CONSTANT_CONVERSION = YES;
				CLANG_WARN_DIRECT_OBJC_ISA_USAGE = YES_ERROR;
				CLANG_WARN_DOCUMENTATION_COMMENTS = YES;
				CLANG_WARN_EMPTY_BODY = YES;
				CLANG_WARN_ENUM_CONVERSION = YES;
				CLANG_WARN_INFINITE_RECURSION = YES;
				CLANG_WARN_INT_CONVERSION = YES;
				CLANG_WARN_NON_LITERAL_NULL_CONVERSION = YES;
				CLANG_WARN_OBJC_LITERAL_CONVERSION = YES;
				CLANG_WARN_OBJC_ROOT_CLASS = YES_ERROR;
				CLANG_WARN_RANGE_LOOP_ANALYSIS = YES;
				CLANG_WARN_STRICT_PROTOTYPES = YES;
				CLANG_WARN_SUSPICIOUS_MOVE = YES;
				CLANG_WARN_UNGUARDED_AVAILABILITY = YES_AGGRESSIVE;
				CLANG_WARN_UNREACHABLE_CODE = YES;
				CLANG_WARN__DUPLICATE_METHOD_MATCH = YES;
				CODE_SIGN_IDENTITY = "iPhone Developer";
				COPY_PHASE_STRIP = NO;
				DEBUG_INFORMATION_FORMAT = "dwarf-with-dsym";
				ENABLE_NS_ASSERTIONS = NO;
				ENABLE_STRICT_OBJC_MSGSEND = YES;
				GCC_C_LANGUAGE_STANDARD = gnu11;
				GCC_NO_COMMON_BLOCKS = YES;
				GCC_WARN_64_TO_32_BIT_CONVERSION = YES;
				GCC_WARN_ABOUT_RETURN_TYPE = YES_ERROR;
				GCC_WARN_UNDECLARED_SELECTOR = YES;
				GCC_WARN_UNINITIALIZED_AUTOS = YES_AGGRESSIVE;
				GCC_WARN_UNUSED_FUNCTION = YES;
				GCC_WARN_UNUSED_VARIABLE = YES;
				IPHONEOS_DEPLOYMENT_TARGET = 11.2;
				MTL_ENABLE_DEBUG_INFO = NO;
				SDKROOT = iphoneos;
				SWIFT_OPTIMIZATION_LEVEL = "-Owholemodule";
				VALIDATE_PRODUCT = YES;
			};
			name = Release;
		};
		27B374AA20932EF000D92765 /* Debug */ = {
			isa = XCBuildConfiguration;
			buildSettings = {
				ASSETCATALOG_COMPILER_APPICON_NAME = AppIcon;
				CODE_SIGN_STYLE = Automatic;
				DEVELOPMENT_TEAM = "";
				INFOPLIST_FILE = youtube2/Info.plist;
				IPHONEOS_DEPLOYMENT_TARGET = 11.2;
				LD_RUNPATH_SEARCH_PATHS = "$(inherited) @executable_path/Frameworks";
				PRODUCT_BUNDLE_IDENTIFIER = vquesnel.youtube;
				PRODUCT_NAME = "$(TARGET_NAME)";
				SWIFT_VERSION = 4.0;
				TARGETED_DEVICE_FAMILY = "1,2";
			};
			name = Debug;
		};
		27B374AB20932EF000D92765 /* Release */ = {
			isa = XCBuildConfiguration;
			buildSettings = {
				ASSETCATALOG_COMPILER_APPICON_NAME = AppIcon;
				CODE_SIGN_STYLE = Automatic;
				DEVELOPMENT_TEAM = "";
				INFOPLIST_FILE = youtube2/Info.plist;
				IPHONEOS_DEPLOYMENT_TARGET = 11.2;
				LD_RUNPATH_SEARCH_PATHS = "$(inherited) @executable_path/Frameworks";
				PRODUCT_BUNDLE_IDENTIFIER = vquesnel.youtube;
				PRODUCT_NAME = "$(TARGET_NAME)";
				SWIFT_VERSION = 4.0;
				TARGETED_DEVICE_FAMILY = "1,2";
			};
			name = Release;
		};
/* End XCBuildConfiguration section */

/* Begin XCConfigurationList section */
		27B3749220932EF000D92765 /* Build configuration list for PBXProject "youtube" */ = {
			isa = XCConfigurationList;
			buildConfigurations = (
				27B374A720932EF000D92765 /* Debug */,
				27B374A820932EF000D92765 /* Release */,
			);
			defaultConfigurationIsVisible = 0;
			defaultConfigurationName = Release;
		};
		27B374A920932EF000D92765 /* Build configuration list for PBXNativeTarget "youtube" */ = {
			isa = XCConfigurationList;
			buildConfigurations = (
				27B374AA20932EF000D92765 /* Debug */,
				27B374AB20932EF000D92765 /* Release */,
			);
			defaultConfigurationIsVisible = 0;
			defaultConfigurationName = Release;
		};
/* End XCConfigurationList section */
	};
	rootObject = 27B3748F20932EF000D92765 /* Project object */;
}
